Microsoft Visual Studio Solution File, Format Version 12.00
# Visual Studio Version 17
VisualStudioVersion = 17.5.2.0
MinimumVisualStudioVersion = 10.0.40219.1
Project("{FAE04EC0-301F-11D3-BF4B-00C04F79EFBC}") = "AnimeScript.Application", "AnimeScript.Application.csproj", "{2E857902-2304-D956-E151-4FEA916423B8}"
EndProject
Global
	GlobalSection(SolutionConfigurationPlatforms) = preSolution
		Debug|Any CPU = Debug|Any CPU
		Release|Any CPU = Release|Any CPU
	EndGlobalSection
	GlobalSection(ProjectConfigurationPlatforms) = postSolution
		{2E857902-2304-D956-E151-4FEA916423B8}.Debug|Any CPU.ActiveCfg = Debug|Any CPU
		{2E857902-2304-D956-E151-4FEA916423B8}.Debug|Any CPU.Build.0 = Debug|Any CPU
		{2E857902-2304-D956-E151-4FEA916423B8}.Release|Any CPU.ActiveCfg = Release|Any CPU
		{2E857902-2304-D956-E151-4FEA916423B8}.Release|Any CPU.Build.0 = Release|Any CPU
	EndGlobalSection
	GlobalSection(SolutionProperties) = preSolution
		HideSolutionNode = FALSE
	EndGlobalSection
	GlobalSection(ExtensibilityGlobals) = postSolution
		SolutionGuid = {BAB6151F-EE0C-4AEF-9528-971075C19BB7}
	EndGlobalSection
EndGlobal
